
Microsoft Visual Studio Solution File, Format Version 12.00
# Visual Studio Version 17
VisualStudioVersion = 17.9.34902.65
MinimumVisualStudioVersion = 10.0.40219.1
Project("{FAE04EC0-301F-11D3-BF4B-00C04F79EFBC}") = "K12122_02", "K12122_02.csproj", "{7F9D2BF6-CF75-4DF0-995A-0C9918343F12}"
EndProject
Global
	GlobalSection(SolutionConfigurationPlatforms) = preSolution
		Debug|Any CPU = Debug|Any CPU
		Release|Any CPU = Release|Any CPU
	EndGlobalSection
	GlobalSection(ProjectConfigurationPlatforms) = postSolution
		{7F9D2BF6-CF75-4DF0-995A-0C9918343F12}.Debug|Any CPU.ActiveCfg = Debug|Any CPU
		{7F9D2BF6-CF75-4DF0-995A-0C9918343F12}.Debug|Any CPU.Build.0 = Debug|Any CPU
		{7F9D2BF6-CF75-4DF0-995A-0C9918343F12}.Release|Any CPU.ActiveCfg = Release|Any CPU
		{7F9D2BF6-CF75-4DF0-995A-0C9918343F12}.Release|Any CPU.Build.0 = Release|Any CPU
	EndGlobalSection
	GlobalSection(SolutionProperties) = preSolution
		HideSolutionNode = FALSE
	EndGlobalSection
	GlobalSection(ExtensibilityGlobals) = postSolution
		SolutionGuid = {D4E2D478-6CF2-43B7-8DF2-FCE985651FC9}
	EndGlobalSection
EndGlobal
