
Microsoft Visual Studio Solution File, Format Version 12.00
# Visual Studio Version 17
VisualStudioVersion = 17.9.34902.65
MinimumVisualStudioVersion = 10.0.40219.1
Project("{FAE04EC0-301F-11D3-BF4B-00C04F79EFBC}") = "QLDiemSV", "QLDiemSV.csproj", "{E1D7D33F-3821-47B1-BCF6-73400ECB3FA1}"
EndProject
Global
	GlobalSection(SolutionConfigurationPlatforms) = preSolution
		Debug|Any CPU = Debug|Any CPU
		Release|Any CPU = Release|Any CPU
	EndGlobalSection
	GlobalSection(ProjectConfigurationPlatforms) = postSolution
		{E1D7D33F-3821-47B1-BCF6-73400ECB3FA1}.Debug|Any CPU.ActiveCfg = Debug|Any CPU
		{E1D7D33F-3821-47B1-BCF6-73400ECB3FA1}.Debug|Any CPU.Build.0 = Debug|Any CPU
		{E1D7D33F-3821-47B1-BCF6-73400ECB3FA1}.Release|Any CPU.ActiveCfg = Release|Any CPU
		{E1D7D33F-3821-47B1-BCF6-73400ECB3FA1}.Release|Any CPU.Build.0 = Release|Any CPU
	EndGlobalSection
	GlobalSection(SolutionProperties) = preSolution
		HideSolutionNode = FALSE
	EndGlobalSection
	GlobalSection(ExtensibilityGlobals) = postSolution
		SolutionGuid = {9626E780-6441-4759-9E3F-DB2B4AD48C34}
	EndGlobalSection
EndGlobal
