
Microsoft Visual Studio Solution File, Format Version 12.00
# Visual Studio Version 17
VisualStudioVersion = 17.7.34024.191
MinimumVisualStudioVersion = 10.0.40219.1
Project("{FAE04EC0-301F-11D3-BF4B-00C04F79EFBC}") = "QLBH_29_05", "QLBH_29_05\QLBH_29_05.csproj", "{051F56EC-E19F-47A7-AA47-758B421BEF4F}"
EndProject
Global
	GlobalSection(SolutionConfigurationPlatforms) = preSolution
		Debug|Any CPU = Debug|Any CPU
		Release|Any CPU = Release|Any CPU
	EndGlobalSection
	GlobalSection(ProjectConfigurationPlatforms) = postSolution
		{051F56EC-E19F-47A7-AA47-758B421BEF4F}.Debug|Any CPU.ActiveCfg = Debug|Any CPU
		{051F56EC-E19F-47A7-AA47-758B421BEF4F}.Debug|Any CPU.Build.0 = Debug|Any CPU
		{051F56EC-E19F-47A7-AA47-758B421BEF4F}.Release|Any CPU.ActiveCfg = Release|Any CPU
		{051F56EC-E19F-47A7-AA47-758B421BEF4F}.Release|Any CPU.Build.0 = Release|Any CPU
	EndGlobalSection
	GlobalSection(SolutionProperties) = preSolution
		HideSolutionNode = FALSE
	EndGlobalSection
	GlobalSection(ExtensibilityGlobals) = postSolution
		SolutionGuid = {52D17374-A94B-4118-ACB4-9C384FA79195}
	EndGlobalSection
EndGlobal
