
Microsoft Visual Studio Solution File, Format Version 12.00
# Visual Studio Version 17
VisualStudioVersion = 17.9.34902.65
MinimumVisualStudioVersion = 10.0.40219.1
Project("{FAE04EC0-301F-11D3-BF4B-00C04F79EFBC}") = "Ca2_KTGK", "Ca2_KTGK.csproj", "{3D985CFA-7555-415B-BACB-4A03A21D4BFE}"
EndProject
Global
	GlobalSection(SolutionConfigurationPlatforms) = preSolution
		Debug|Any CPU = Debug|Any CPU
		Release|Any CPU = Release|Any CPU
	EndGlobalSection
	GlobalSection(ProjectConfigurationPlatforms) = postSolution
		{3D985CFA-7555-415B-BACB-4A03A21D4BFE}.Debug|Any CPU.ActiveCfg = Debug|Any CPU
		{3D985CFA-7555-415B-BACB-4A03A21D4BFE}.Debug|Any CPU.Build.0 = Debug|Any CPU
		{3D985CFA-7555-415B-BACB-4A03A21D4BFE}.Release|Any CPU.ActiveCfg = Release|Any CPU
		{3D985CFA-7555-415B-BACB-4A03A21D4BFE}.Release|Any CPU.Build.0 = Release|Any CPU
	EndGlobalSection
	GlobalSection(SolutionProperties) = preSolution
		HideSolutionNode = FALSE
	EndGlobalSection
	GlobalSection(ExtensibilityGlobals) = postSolution
		SolutionGuid = {7EF04E40-BBBC-4853-9754-697B27DDD280}
	EndGlobalSection
EndGlobal
