
Microsoft Visual Studio Solution File, Format Version 12.00
# Visual Studio Version 17
VisualStudioVersion = 17.9.34902.65
MinimumVisualStudioVersion = 10.0.40219.1
Project("{FAE04EC0-301F-11D3-BF4B-00C04F79EFBC}") = "QLNhanSu", "QLNhanSu.csproj", "{56D81847-D23A-4051-99E6-327E1439E106}"
EndProject
Global
	GlobalSection(SolutionConfigurationPlatforms) = preSolution
		Debug|Any CPU = Debug|Any CPU
		Release|Any CPU = Release|Any CPU
	EndGlobalSection
	GlobalSection(ProjectConfigurationPlatforms) = postSolution
		{56D81847-D23A-4051-99E6-327E1439E106}.Debug|Any CPU.ActiveCfg = Debug|Any CPU
		{56D81847-D23A-4051-99E6-327E1439E106}.Debug|Any CPU.Build.0 = Debug|Any CPU
		{56D81847-D23A-4051-99E6-327E1439E106}.Release|Any CPU.ActiveCfg = Release|Any CPU
		{56D81847-D23A-4051-99E6-327E1439E106}.Release|Any CPU.Build.0 = Release|Any CPU
	EndGlobalSection
	GlobalSection(SolutionProperties) = preSolution
		HideSolutionNode = FALSE
	EndGlobalSection
	GlobalSection(ExtensibilityGlobals) = postSolution
		SolutionGuid = {70142D59-155F-483F-9A4C-D728B7672781}
	EndGlobalSection
EndGlobal
