
Microsoft Visual Studio Solution File, Format Version 12.00
# Visual Studio Version 17
VisualStudioVersion = 17.9.34902.65
MinimumVisualStudioVersion = 10.0.40219.1
Project("{FAE04EC0-301F-11D3-BF4B-00C04F79EFBC}") = "QLhocTap", "QLhocTap.csproj", "{B26F3789-E599-49D7-BF0C-FDA41D9A3B3C}"
EndProject
Global
	GlobalSection(SolutionConfigurationPlatforms) = preSolution
		Debug|Any CPU = Debug|Any CPU
		Release|Any CPU = Release|Any CPU
	EndGlobalSection
	GlobalSection(ProjectConfigurationPlatforms) = postSolution
		{B26F3789-E599-49D7-BF0C-FDA41D9A3B3C}.Debug|Any CPU.ActiveCfg = Debug|Any CPU
		{B26F3789-E599-49D7-BF0C-FDA41D9A3B3C}.Debug|Any CPU.Build.0 = Debug|Any CPU
		{B26F3789-E599-49D7-BF0C-FDA41D9A3B3C}.Release|Any CPU.ActiveCfg = Release|Any CPU
		{B26F3789-E599-49D7-BF0C-FDA41D9A3B3C}.Release|Any CPU.Build.0 = Release|Any CPU
	EndGlobalSection
	GlobalSection(SolutionProperties) = preSolution
		HideSolutionNode = FALSE
	EndGlobalSection
	GlobalSection(ExtensibilityGlobals) = postSolution
		SolutionGuid = {5AD7AE91-5D9F-4AB4-9A64-B8A02C39B513}
	EndGlobalSection
EndGlobal
